
Microsoft Visual Studio Solution File, Format Version 12.00
# Visual Studio 15
VisualStudioVersion = 15.0.27703.2042
MinimumVisualStudioVersion = 10.0.40219.1
Project("{F184B08F-C81C-45F6-A57F-5ABD9991F28F}") = "EfeVid", "EfeVid.vbproj", "{120B04BD-22A6-4034-A587-0E14E6D40CF3}"
EndProject
Global
	GlobalSection(SolutionConfigurationPlatforms) = preSolution
		Debug|Any CPU = Debug|Any CPU
		Release|Any CPU = Release|Any CPU
	EndGlobalSection
	GlobalSection(ProjectConfigurationPlatforms) = postSolution
		{120B04BD-22A6-4034-A587-0E14E6D40CF3}.Debug|Any CPU.ActiveCfg = Debug|Any CPU
		{120B04BD-22A6-4034-A587-0E14E6D40CF3}.Debug|Any CPU.Build.0 = Debug|Any CPU
		{120B04BD-22A6-4034-A587-0E14E6D40CF3}.Release|Any CPU.ActiveCfg = Release|Any CPU
		{120B04BD-22A6-4034-A587-0E14E6D40CF3}.Release|Any CPU.Build.0 = Release|Any CPU
	EndGlobalSection
	GlobalSection(SolutionProperties) = preSolution
		HideSolutionNode = FALSE
	EndGlobalSection
	GlobalSection(ExtensibilityGlobals) = postSolution
		SolutionGuid = {DF551148-3843-4D5A-8D89-85F80908DE96}
	EndGlobalSection
EndGlobal
